
Microsoft Visual Studio Solution File, Format Version 11.00
# Visual Studio 2010
Project("{FAE04EC0-301F-11D3-BF4B-00C04F79EFBC}") = "VRTest", "Assembly-CSharp.csproj", "{B2D3C9BD-93D3-9985-E80C-526886709AB8}"
EndProject
Project("{FAE04EC0-301F-11D3-BF4B-00C04F79EFBC}") = "VRTest", "Assembly-CSharp-Editor.csproj", "{C1E0376E-35F3-3D2F-0FBE-D8FC9D5D7987}"
EndProject
Global
	GlobalSection(SolutionConfigurationPlatforms) = preSolution
		Debug|Any CPU = Debug|Any CPU
		Release|Any CPU = Release|Any CPU
	EndGlobalSection
	GlobalSection(ProjectConfigurationPlatforms) = postSolution
		{B2D3C9BD-93D3-9985-E80C-526886709AB8}.Debug|Any CPU.ActiveCfg = Debug|Any CPU
		{B2D3C9BD-93D3-9985-E80C-526886709AB8}.Debug|Any CPU.Build.0 = Debug|Any CPU
		{B2D3C9BD-93D3-9985-E80C-526886709AB8}.Release|Any CPU.ActiveCfg = Release|Any CPU
		{B2D3C9BD-93D3-9985-E80C-526886709AB8}.Release|Any CPU.Build.0 = Release|Any CPU
		{C1E0376E-35F3-3D2F-0FBE-D8FC9D5D7987}.Debug|Any CPU.ActiveCfg = Debug|Any CPU
		{C1E0376E-35F3-3D2F-0FBE-D8FC9D5D7987}.Debug|Any CPU.Build.0 = Debug|Any CPU
		{C1E0376E-35F3-3D2F-0FBE-D8FC9D5D7987}.Release|Any CPU.ActiveCfg = Release|Any CPU
		{C1E0376E-35F3-3D2F-0FBE-D8FC9D5D7987}.Release|Any CPU.Build.0 = Release|Any CPU
	EndGlobalSection
	GlobalSection(SolutionProperties) = preSolution
		HideSolutionNode = FALSE
	EndGlobalSection
	GlobalSection(MonoDevelopProperties) = preSolution
		StartupItem = Assembly-CSharp.csproj
	EndGlobalSection
EndGlobal
